
Microsoft Visual Studio Solution File, Format Version 12.00
# Visual Studio Version 17
VisualStudioVersion = 17.0.32112.339
MinimumVisualStudioVersion = 10.0.40219.1
Project("{FAE04EC0-301F-11D3-BF4B-00C04F79EFBC}") = "GuessNumber", "GuessNumber.csproj", "{FB95B51D-00DF-4DF5-90E3-33B1A2EF6E65}"
EndProject
Global
	GlobalSection(SolutionConfigurationPlatforms) = preSolution
		Debug|Any CPU = Debug|Any CPU
		Release|Any CPU = Release|Any CPU
	EndGlobalSection
	GlobalSection(ProjectConfigurationPlatforms) = postSolution
		{FB95B51D-00DF-4DF5-90E3-33B1A2EF6E65}.Debug|Any CPU.ActiveCfg = Debug|Any CPU
		{FB95B51D-00DF-4DF5-90E3-33B1A2EF6E65}.Debug|Any CPU.Build.0 = Debug|Any CPU
		{FB95B51D-00DF-4DF5-90E3-33B1A2EF6E65}.Release|Any CPU.ActiveCfg = Release|Any CPU
		{FB95B51D-00DF-4DF5-90E3-33B1A2EF6E65}.Release|Any CPU.Build.0 = Release|Any CPU
	EndGlobalSection
	GlobalSection(SolutionProperties) = preSolution
		HideSolutionNode = FALSE
	EndGlobalSection
	GlobalSection(ExtensibilityGlobals) = postSolution
		SolutionGuid = {DC16BB14-8F37-489F-97DA-17D4DDD75F6A}
	EndGlobalSection
EndGlobal
